
Microsoft Visual Studio Solution File, Format Version 12.00
# Visual Studio Version 17
VisualStudioVersion = 17.9.34616.47
MinimumVisualStudioVersion = 10.0.40219.1
Project("{FAE04EC0-301F-11D3-BF4B-00C04F79EFBC}") = "ContactPage", "ContactPage.csproj", "{9276F3BE-4CFA-4A55-A12F-F7D69D28CBFB}"
EndProject
Global
	GlobalSection(SolutionConfigurationPlatforms) = preSolution
		Debug|Any CPU = Debug|Any CPU
		Release|Any CPU = Release|Any CPU
	EndGlobalSection
	GlobalSection(ProjectConfigurationPlatforms) = postSolution
		{9276F3BE-4CFA-4A55-A12F-F7D69D28CBFB}.Debug|Any CPU.ActiveCfg = Debug|Any CPU
		{9276F3BE-4CFA-4A55-A12F-F7D69D28CBFB}.Debug|Any CPU.Build.0 = Debug|Any CPU
		{9276F3BE-4CFA-4A55-A12F-F7D69D28CBFB}.Release|Any CPU.ActiveCfg = Release|Any CPU
		{9276F3BE-4CFA-4A55-A12F-F7D69D28CBFB}.Release|Any CPU.Build.0 = Release|Any CPU
	EndGlobalSection
	GlobalSection(SolutionProperties) = preSolution
		HideSolutionNode = FALSE
	EndGlobalSection
	GlobalSection(ExtensibilityGlobals) = postSolution
		SolutionGuid = {A72E5B85-86CD-406A-8304-795CD198A441}
	EndGlobalSection
EndGlobal
